
Microsoft Visual Studio Solution File, Format Version 12.00
# Visual Studio Version 17
VisualStudioVersion = 17.9.34622.214
MinimumVisualStudioVersion = 10.0.40219.1
Project("{8BC9CEB8-8B4A-11D0-8D11-00A0C91BC942}") = "tp3_Fourmis", "tp3_Fourmis.vcxproj", "{54B43EDC-1CFE-476C-AEBC-830672BBF51F}"
EndProject
Project("{8BC9CEB8-8B4A-11D0-8D11-00A0C91BC942}") = "SDL", "Libraries\SDL2-2.30.2\build\ALL_BUILD.vcxproj", "{14FE7A06-4C55-3D70-9741-5617207877E1}"
EndProject
Project("{8BC9CEB8-8B4A-11D0-8D11-00A0C91BC942}") = "SDL_gfx", "Libraries\SDL_gfx-MASTER\SDL_gfx.vcxproj", "{AE22EFD3-6E6D-48C0-AF3D-EF190406BEDC}"
EndProject
Global
	GlobalSection(SolutionConfigurationPlatforms) = preSolution
		Debug|ARM64 = Debug|ARM64
		Debug|ARM64EC = Debug|ARM64EC
		Debug|x64 = Debug|x64
		Debug|x86 = Debug|x86
		MinSizeRel|ARM64 = MinSizeRel|ARM64
		MinSizeRel|ARM64EC = MinSizeRel|ARM64EC
		MinSizeRel|x64 = MinSizeRel|x64
		MinSizeRel|x86 = MinSizeRel|x86
		Release|ARM64 = Release|ARM64
		Release|ARM64EC = Release|ARM64EC
		Release|x64 = Release|x64
		Release|x86 = Release|x86
		RelWithDebInfo|ARM64 = RelWithDebInfo|ARM64
		RelWithDebInfo|ARM64EC = RelWithDebInfo|ARM64EC
		RelWithDebInfo|x64 = RelWithDebInfo|x64
		RelWithDebInfo|x86 = RelWithDebInfo|x86
	EndGlobalSection
	GlobalSection(ProjectConfigurationPlatforms) = postSolution
		{54B43EDC-1CFE-476C-AEBC-830672BBF51F}.Debug|ARM64.ActiveCfg = Debug|ARM64
		{54B43EDC-1CFE-476C-AEBC-830672BBF51F}.Debug|ARM64.Build.0 = Debug|ARM64
		{54B43EDC-1CFE-476C-AEBC-830672BBF51F}.Debug|ARM64EC.ActiveCfg = Debug|ARM64EC
		{54B43EDC-1CFE-476C-AEBC-830672BBF51F}.Debug|ARM64EC.Build.0 = Debug|ARM64EC
		{54B43EDC-1CFE-476C-AEBC-830672BBF51F}.Debug|x64.ActiveCfg = Debug|x64
		{54B43EDC-1CFE-476C-AEBC-830672BBF51F}.Debug|x64.Build.0 = Debug|x64
		{54B43EDC-1CFE-476C-AEBC-830672BBF51F}.Debug|x86.ActiveCfg = Debug|Win32
		{54B43EDC-1CFE-476C-AEBC-830672BBF51F}.Debug|x86.Build.0 = Debug|Win32
		{54B43EDC-1CFE-476C-AEBC-830672BBF51F}.MinSizeRel|ARM64.ActiveCfg = Release|ARM64
		{54B43EDC-1CFE-476C-AEBC-830672BBF51F}.MinSizeRel|ARM64.Build.0 = Release|ARM64
		{54B43EDC-1CFE-476C-AEBC-830672BBF51F}.MinSizeRel|ARM64EC.ActiveCfg = Release|ARM64EC
		{54B43EDC-1CFE-476C-AEBC-830672BBF51F}.MinSizeRel|ARM64EC.Build.0 = Release|ARM64EC
		{54B43EDC-1CFE-476C-AEBC-830672BBF51F}.MinSizeRel|x64.ActiveCfg = Release|x64
		{54B43EDC-1CFE-476C-AEBC-830672BBF51F}.MinSizeRel|x64.Build.0 = Release|x64
		{54B43EDC-1CFE-476C-AEBC-830672BBF51F}.MinSizeRel|x86.ActiveCfg = Release|Win32
		{54B43EDC-1CFE-476C-AEBC-830672BBF51F}.MinSizeRel|x86.Build.0 = Release|Win32
		{54B43EDC-1CFE-476C-AEBC-830672BBF51F}.Release|ARM64.ActiveCfg = Release|ARM64
		{54B43EDC-1CFE-476C-AEBC-830672BBF51F}.Release|ARM64.Build.0 = Release|ARM64
		{54B43EDC-1CFE-476C-AEBC-830672BBF51F}.Release|ARM64EC.ActiveCfg = Release|ARM64EC
		{54B43EDC-1CFE-476C-AEBC-830672BBF51F}.Release|ARM64EC.Build.0 = Release|ARM64EC
		{54B43EDC-1CFE-476C-AEBC-830672BBF51F}.Release|x64.ActiveCfg = Release|x64
		{54B43EDC-1CFE-476C-AEBC-830672BBF51F}.Release|x64.Build.0 = Release|x64
		{54B43EDC-1CFE-476C-AEBC-830672BBF51F}.Release|x86.ActiveCfg = Release|Win32
		{54B43EDC-1CFE-476C-AEBC-830672BBF51F}.Release|x86.Build.0 = Release|Win32
		{54B43EDC-1CFE-476C-AEBC-830672BBF51F}.RelWithDebInfo|ARM64.ActiveCfg = Release|ARM64
		{54B43EDC-1CFE-476C-AEBC-830672BBF51F}.RelWithDebInfo|ARM64.Build.0 = Release|ARM64
		{54B43EDC-1CFE-476C-AEBC-830672BBF51F}.RelWithDebInfo|ARM64EC.ActiveCfg = Release|ARM64EC
		{54B43EDC-1CFE-476C-AEBC-830672BBF51F}.RelWithDebInfo|ARM64EC.Build.0 = Release|ARM64EC
		{54B43EDC-1CFE-476C-AEBC-830672BBF51F}.RelWithDebInfo|x64.ActiveCfg = Release|x64
		{54B43EDC-1CFE-476C-AEBC-830672BBF51F}.RelWithDebInfo|x64.Build.0 = Release|x64
		{54B43EDC-1CFE-476C-AEBC-830672BBF51F}.RelWithDebInfo|x86.ActiveCfg = Release|Win32
		{54B43EDC-1CFE-476C-AEBC-830672BBF51F}.RelWithDebInfo|x86.Build.0 = Release|Win32
		{14FE7A06-4C55-3D70-9741-5617207877E1}.Debug|ARM64.ActiveCfg = Debug|ARM64
		{14FE7A06-4C55-3D70-9741-5617207877E1}.Debug|ARM64.Build.0 = Debug|ARM64
		{14FE7A06-4C55-3D70-9741-5617207877E1}.Debug|ARM64EC.ActiveCfg = Debug|x64
		{14FE7A06-4C55-3D70-9741-5617207877E1}.Debug|ARM64EC.Build.0 = Debug|x64
		{14FE7A06-4C55-3D70-9741-5617207877E1}.Debug|x64.ActiveCfg = Debug|x64
		{14FE7A06-4C55-3D70-9741-5617207877E1}.Debug|x64.Build.0 = Debug|x64
		{14FE7A06-4C55-3D70-9741-5617207877E1}.Debug|x86.ActiveCfg = Debug|x64
		{14FE7A06-4C55-3D70-9741-5617207877E1}.Debug|x86.Build.0 = Debug|x64
		{14FE7A06-4C55-3D70-9741-5617207877E1}.MinSizeRel|ARM64.ActiveCfg = MinSizeRel|ARM64
		{14FE7A06-4C55-3D70-9741-5617207877E1}.MinSizeRel|ARM64.Build.0 = MinSizeRel|ARM64
		{14FE7A06-4C55-3D70-9741-5617207877E1}.MinSizeRel|ARM64EC.ActiveCfg = MinSizeRel|x64
		{14FE7A06-4C55-3D70-9741-5617207877E1}.MinSizeRel|ARM64EC.Build.0 = MinSizeRel|x64
		{14FE7A06-4C55-3D70-9741-5617207877E1}.MinSizeRel|x64.ActiveCfg = MinSizeRel|x64
		{14FE7A06-4C55-3D70-9741-5617207877E1}.MinSizeRel|x64.Build.0 = MinSizeRel|x64
		{14FE7A06-4C55-3D70-9741-5617207877E1}.MinSizeRel|x86.ActiveCfg = MinSizeRel|x64
		{14FE7A06-4C55-3D70-9741-5617207877E1}.MinSizeRel|x86.Build.0 = MinSizeRel|x64
		{14FE7A06-4C55-3D70-9741-5617207877E1}.Release|ARM64.ActiveCfg = Release|ARM64
		{14FE7A06-4C55-3D70-9741-5617207877E1}.Release|ARM64.Build.0 = Release|ARM64
		{14FE7A06-4C55-3D70-9741-5617207877E1}.Release|ARM64EC.ActiveCfg = Release|x64
		{14FE7A06-4C55-3D70-9741-5617207877E1}.Release|ARM64EC.Build.0 = Release|x64
		{14FE7A06-4C55-3D70-9741-5617207877E1}.Release|x64.ActiveCfg = Release|x64
		{14FE7A06-4C55-3D70-9741-5617207877E1}.Release|x64.Build.0 = Release|x64
		{14FE7A06-4C55-3D70-9741-5617207877E1}.Release|x86.ActiveCfg = Release|x64
		{14FE7A06-4C55-3D70-9741-5617207877E1}.Release|x86.Build.0 = Release|x64
		{14FE7A06-4C55-3D70-9741-5617207877E1}.RelWithDebInfo|ARM64.ActiveCfg = RelWithDebInfo|ARM64
		{14FE7A06-4C55-3D70-9741-5617207877E1}.RelWithDebInfo|ARM64.Build.0 = RelWithDebInfo|ARM64
		{14FE7A06-4C55-3D70-9741-5617207877E1}.RelWithDebInfo|ARM64EC.ActiveCfg = RelWithDebInfo|x64
		{14FE7A06-4C55-3D70-9741-5617207877E1}.RelWithDebInfo|ARM64EC.Build.0 = RelWithDebInfo|x64
		{14FE7A06-4C55-3D70-9741-5617207877E1}.RelWithDebInfo|x64.ActiveCfg = RelWithDebInfo|x64
		{14FE7A06-4C55-3D70-9741-5617207877E1}.RelWithDebInfo|x64.Build.0 = RelWithDebInfo|x64
		{14FE7A06-4C55-3D70-9741-5617207877E1}.RelWithDebInfo|x86.ActiveCfg = RelWithDebInfo|x64
		{14FE7A06-4C55-3D70-9741-5617207877E1}.RelWithDebInfo|x86.Build.0 = RelWithDebInfo|x64
		{AE22EFD3-6E6D-48C0-AF3D-EF190406BEDC}.Debug|ARM64.ActiveCfg = Debug|ARM64
		{AE22EFD3-6E6D-48C0-AF3D-EF190406BEDC}.Debug|ARM64.Build.0 = Debug|ARM64
		{AE22EFD3-6E6D-48C0-AF3D-EF190406BEDC}.Debug|ARM64EC.ActiveCfg = Debug|Win32
		{AE22EFD3-6E6D-48C0-AF3D-EF190406BEDC}.Debug|ARM64EC.Build.0 = Debug|Win32
		{AE22EFD3-6E6D-48C0-AF3D-EF190406BEDC}.Debug|x64.ActiveCfg = Debug|x64
		{AE22EFD3-6E6D-48C0-AF3D-EF190406BEDC}.Debug|x64.Build.0 = Debug|x64
		{AE22EFD3-6E6D-48C0-AF3D-EF190406BEDC}.Debug|x86.ActiveCfg = Debug|Win32
		{AE22EFD3-6E6D-48C0-AF3D-EF190406BEDC}.Debug|x86.Build.0 = Debug|Win32
		{AE22EFD3-6E6D-48C0-AF3D-EF190406BEDC}.MinSizeRel|ARM64.ActiveCfg = Debug|Win32
		{AE22EFD3-6E6D-48C0-AF3D-EF190406BEDC}.MinSizeRel|ARM64.Build.0 = Debug|Win32
		{AE22EFD3-6E6D-48C0-AF3D-EF190406BEDC}.MinSizeRel|ARM64EC.ActiveCfg = Debug|Win32
		{AE22EFD3-6E6D-48C0-AF3D-EF190406BEDC}.MinSizeRel|ARM64EC.Build.0 = Debug|Win32
		{AE22EFD3-6E6D-48C0-AF3D-EF190406BEDC}.MinSizeRel|x64.ActiveCfg = Debug|Win32
		{AE22EFD3-6E6D-48C0-AF3D-EF190406BEDC}.MinSizeRel|x64.Build.0 = Debug|Win32
		{AE22EFD3-6E6D-48C0-AF3D-EF190406BEDC}.MinSizeRel|x86.ActiveCfg = Debug|Win32
		{AE22EFD3-6E6D-48C0-AF3D-EF190406BEDC}.MinSizeRel|x86.Build.0 = Debug|Win32
		{AE22EFD3-6E6D-48C0-AF3D-EF190406BEDC}.Release|ARM64.ActiveCfg = Release|ARM64
		{AE22EFD3-6E6D-48C0-AF3D-EF190406BEDC}.Release|ARM64.Build.0 = Release|ARM64
		{AE22EFD3-6E6D-48C0-AF3D-EF190406BEDC}.Release|ARM64EC.ActiveCfg = Release|Win32
		{AE22EFD3-6E6D-48C0-AF3D-EF190406BEDC}.Release|ARM64EC.Build.0 = Release|Win32
		{AE22EFD3-6E6D-48C0-AF3D-EF190406BEDC}.Release|x64.ActiveCfg = Release|x64
		{AE22EFD3-6E6D-48C0-AF3D-EF190406BEDC}.Release|x64.Build.0 = Release|x64
		{AE22EFD3-6E6D-48C0-AF3D-EF190406BEDC}.Release|x86.ActiveCfg = Release|Win32
		{AE22EFD3-6E6D-48C0-AF3D-EF190406BEDC}.Release|x86.Build.0 = Release|Win32
		{AE22EFD3-6E6D-48C0-AF3D-EF190406BEDC}.RelWithDebInfo|ARM64.ActiveCfg = Release|Win32
		{AE22EFD3-6E6D-48C0-AF3D-EF190406BEDC}.RelWithDebInfo|ARM64.Build.0 = Release|Win32
		{AE22EFD3-6E6D-48C0-AF3D-EF190406BEDC}.RelWithDebInfo|ARM64EC.ActiveCfg = Release|Win32
		{AE22EFD3-6E6D-48C0-AF3D-EF190406BEDC}.RelWithDebInfo|ARM64EC.Build.0 = Release|Win32
		{AE22EFD3-6E6D-48C0-AF3D-EF190406BEDC}.RelWithDebInfo|x64.ActiveCfg = Release|Win32
		{AE22EFD3-6E6D-48C0-AF3D-EF190406BEDC}.RelWithDebInfo|x64.Build.0 = Release|Win32
		{AE22EFD3-6E6D-48C0-AF3D-EF190406BEDC}.RelWithDebInfo|x86.ActiveCfg = Release|Win32
		{AE22EFD3-6E6D-48C0-AF3D-EF190406BEDC}.RelWithDebInfo|x86.Build.0 = Release|Win32
	EndGlobalSection
	GlobalSection(SolutionProperties) = preSolution
		HideSolutionNode = FALSE
	EndGlobalSection
	GlobalSection(ExtensibilityGlobals) = postSolution
		SolutionGuid = {765A1FD4-9F8F-4AE6-9288-638351583D98}
	EndGlobalSection
EndGlobal
