
Microsoft Visual Studio Solution File, Format Version 12.00
# Visual Studio Version 17
VisualStudioVersion = 17.9.34714.143
MinimumVisualStudioVersion = 10.0.40219.1
Project("{8BC9CEB8-8B4A-11D0-8D11-00A0C91BC942}") = "tp3_Fourmis", "tp3_Fourmis.vcxproj", "{063ADC16-688C-4437-A7CE-AB8600B6A716}"
EndProject
Global
	GlobalSection(SolutionConfigurationPlatforms) = preSolution
		Debug|ARM64 = Debug|ARM64
		Debug|x64 = Debug|x64
		Release|ARM64 = Release|ARM64
		Release|x64 = Release|x64
	EndGlobalSection
	GlobalSection(ProjectConfigurationPlatforms) = postSolution
		{063ADC16-688C-4437-A7CE-AB8600B6A716}.Debug|ARM64.ActiveCfg = Debug|ARM64
		{063ADC16-688C-4437-A7CE-AB8600B6A716}.Debug|ARM64.Build.0 = Debug|ARM64
		{063ADC16-688C-4437-A7CE-AB8600B6A716}.Debug|x64.ActiveCfg = Debug|x64
		{063ADC16-688C-4437-A7CE-AB8600B6A716}.Debug|x64.Build.0 = Debug|x64
		{063ADC16-688C-4437-A7CE-AB8600B6A716}.Release|ARM64.ActiveCfg = Release|ARM64
		{063ADC16-688C-4437-A7CE-AB8600B6A716}.Release|ARM64.Build.0 = Release|ARM64
		{063ADC16-688C-4437-A7CE-AB8600B6A716}.Release|x64.ActiveCfg = Release|x64
		{063ADC16-688C-4437-A7CE-AB8600B6A716}.Release|x64.Build.0 = Release|x64
	EndGlobalSection
	GlobalSection(SolutionProperties) = preSolution
		HideSolutionNode = FALSE
	EndGlobalSection
	GlobalSection(ExtensibilityGlobals) = postSolution
		SolutionGuid = {4762D98A-896C-439E-9185-9329270DAD02}
	EndGlobalSection
EndGlobal
